// !$*UTF8*$!
{
	archiveVersion = 1;
	classes = {
	};
	objectVersion = 50;
	objects = {

/* Begin PBXBuildFile section */
		4E27D38221DE66E800C494D9 /* AppDelegate.swift in Sources */ = {isa = PBXBuildFile; fileRef = 4E27D38121DE66E800C494D9 /* AppDelegate.swift */; };
		4E27D38421DE66E800C494D9 /* ViewController.swift in Sources */ = {isa = PBXBuildFile; fileRef = 4E27D38321DE66E800C494D9 /* ViewController.swift */; };
		4E27D38721DE66E900C494D9 /* Main.storyboard in Resources */ = {isa = PBXBuildFile; fileRef = 4E27D38521DE66E900C494D9 /* Main.storyboard */; };
		4E27D38C21DE670600C494D9 /* Assets.xcassets in Resources */ = {isa = PBXBuildFile; fileRef = 4E27D38B21DE670600C494D9 /* Assets.xcassets */; };
		4E27D38F21DE670700C494D9 /* LaunchScreen.storyboard in Resources */ = {isa = PBXBuildFile; fileRef = 4E27D38D21DE670700C494D9 /* LaunchScreen.storyboard */; };
		4E27D39A21DE670900C494D9 /* ECommerceTests.swift in Sources */ = {isa = PBXBuildFile; fileRef = 4E27D39921DE670900C494D9 /* ECommerceTests.swift */; };
		4E27D3A521DE670A00C494D9 /* ECommerceUITests.swift in Sources */ = {isa = PBXBuildFile; fileRef = 4E27D3A421DE670A00C494D9 /* ECommerceUITests.swift */; };
		4E27D47E21DF5A0200C494D9 /* CoreData.framework in Frameworks */ = {isa = PBXBuildFile; fileRef = 4E27D47D21DF5A0200C494D9 /* CoreData.framework */; };
		4E27D48021DF5BDA00C494D9 /* CoreDataManager.swift in Sources */ = {isa = PBXBuildFile; fileRef = 4E27D47F21DF5BDA00C494D9 /* CoreDataManager.swift */; };
		4E27D48121DF5BDA00C494D9 /* CoreDataManager.swift in Sources */ = {isa = PBXBuildFile; fileRef = 4E27D47F21DF5BDA00C494D9 /* CoreDataManager.swift */; };
		4E44F8CC21E39163000D402C /* Products+CoreDataClass.swift in Sources */ = {isa = PBXBuildFile; fileRef = 4E44F8C221E39163000D402C /* Products+CoreDataClass.swift */; };
		4E44F8CD21E39163000D402C /* Products+CoreDataClass.swift in Sources */ = {isa = PBXBuildFile; fileRef = 4E44F8C221E39163000D402C /* Products+CoreDataClass.swift */; };
		4E44F8CE21E39163000D402C /* Products+CoreDataProperties.swift in Sources */ = {isa = PBXBuildFile; fileRef = 4E44F8C321E39163000D402C /* Products+CoreDataProperties.swift */; };
		4E44F8CF21E39163000D402C /* Products+CoreDataProperties.swift in Sources */ = {isa = PBXBuildFile; fileRef = 4E44F8C321E39163000D402C /* Products+CoreDataProperties.swift */; };
		4E44F8D021E39163000D402C /* Categories+CoreDataClass.swift in Sources */ = {isa = PBXBuildFile; fileRef = 4E44F8C421E39163000D402C /* Categories+CoreDataClass.swift */; };
		4E44F8D121E39163000D402C /* Categories+CoreDataClass.swift in Sources */ = {isa = PBXBuildFile; fileRef = 4E44F8C421E39163000D402C /* Categories+CoreDataClass.swift */; };
		4E44F8D221E39163000D402C /* Categories+CoreDataProperties.swift in Sources */ = {isa = PBXBuildFile; fileRef = 4E44F8C521E39163000D402C /* Categories+CoreDataProperties.swift */; };
		4E44F8D321E39163000D402C /* Categories+CoreDataProperties.swift in Sources */ = {isa = PBXBuildFile; fileRef = 4E44F8C521E39163000D402C /* Categories+CoreDataProperties.swift */; };
		4E44F8D421E39163000D402C /* Variants+CoreDataClass.swift in Sources */ = {isa = PBXBuildFile; fileRef = 4E44F8C621E39163000D402C /* Variants+CoreDataClass.swift */; };
		4E44F8D521E39163000D402C /* Variants+CoreDataClass.swift in Sources */ = {isa = PBXBuildFile; fileRef = 4E44F8C621E39163000D402C /* Variants+CoreDataClass.swift */; };
		4E44F8D621E39163000D402C /* Variants+CoreDataProperties.swift in Sources */ = {isa = PBXBuildFile; fileRef = 4E44F8C721E39163000D402C /* Variants+CoreDataProperties.swift */; };
		4E44F8D721E39163000D402C /* Variants+CoreDataProperties.swift in Sources */ = {isa = PBXBuildFile; fileRef = 4E44F8C721E39163000D402C /* Variants+CoreDataProperties.swift */; };
		4E44F8D821E39163000D402C /* Tax+CoreDataClass.swift in Sources */ = {isa = PBXBuildFile; fileRef = 4E44F8C821E39163000D402C /* Tax+CoreDataClass.swift */; };
		4E44F8D921E39163000D402C /* Tax+CoreDataClass.swift in Sources */ = {isa = PBXBuildFile; fileRef = 4E44F8C821E39163000D402C /* Tax+CoreDataClass.swift */; };
		4E44F8DA21E39163000D402C /* Tax+CoreDataProperties.swift in Sources */ = {isa = PBXBuildFile; fileRef = 4E44F8C921E39163000D402C /* Tax+CoreDataProperties.swift */; };
		4E44F8DB21E39163000D402C /* Tax+CoreDataProperties.swift in Sources */ = {isa = PBXBuildFile; fileRef = 4E44F8C921E39163000D402C /* Tax+CoreDataProperties.swift */; };
		4E44F8DC21E39163000D402C /* Ranking+CoreDataClass.swift in Sources */ = {isa = PBXBuildFile; fileRef = 4E44F8CA21E39163000D402C /* Ranking+CoreDataClass.swift */; };
		4E44F8DD21E39163000D402C /* Ranking+CoreDataClass.swift in Sources */ = {isa = PBXBuildFile; fileRef = 4E44F8CA21E39163000D402C /* Ranking+CoreDataClass.swift */; };
		4E44F8DE21E39163000D402C /* Ranking+CoreDataProperties.swift in Sources */ = {isa = PBXBuildFile; fileRef = 4E44F8CB21E39163000D402C /* Ranking+CoreDataProperties.swift */; };
		4E44F8DF21E39163000D402C /* Ranking+CoreDataProperties.swift in Sources */ = {isa = PBXBuildFile; fileRef = 4E44F8CB21E39163000D402C /* Ranking+CoreDataProperties.swift */; };
		4E519FB821E0AFBD0038BA63 /* ConstantsAPI.swift in Sources */ = {isa = PBXBuildFile; fileRef = 4E519FB721E0AFBD0038BA63 /* ConstantsAPI.swift */; };
		4E519FBE21E0C29B0038BA63 /* CategoryProductsProtocols.swift in Sources */ = {isa = PBXBuildFile; fileRef = 4E519FBD21E0C29B0038BA63 /* CategoryProductsProtocols.swift */; };
		4E519FC021E0C3AD0038BA63 /* ProductRouter.swift in Sources */ = {isa = PBXBuildFile; fileRef = 4E519FBF21E0C3AD0038BA63 /* ProductRouter.swift */; };
		4E519FC221E0C5040038BA63 /* ProductsPresenter.swift in Sources */ = {isa = PBXBuildFile; fileRef = 4E519FC121E0C5040038BA63 /* ProductsPresenter.swift */; };
		4E519FC621E0C68C0038BA63 /* ProductsInteractor.swift in Sources */ = {isa = PBXBuildFile; fileRef = 4E519FC521E0C68C0038BA63 /* ProductsInteractor.swift */; };
		4E519FCA21E0C9110038BA63 /* ProductsViewController.swift in Sources */ = {isa = PBXBuildFile; fileRef = 4E519FC921E0C9110038BA63 /* ProductsViewController.swift */; };
		4E519FCC21E0DA680038BA63 /* UpdateLocalDataViewController.swift in Sources */ = {isa = PBXBuildFile; fileRef = 4E519FCB21E0DA680038BA63 /* UpdateLocalDataViewController.swift */; };
		4E519FCE21E0DE700038BA63 /* UpdateLocalDbInteractor.swift in Sources */ = {isa = PBXBuildFile; fileRef = 4E519FCD21E0DE700038BA63 /* UpdateLocalDbInteractor.swift */; };
		4E519FD021E0DF030038BA63 /* UpdateDBRouter.swift in Sources */ = {isa = PBXBuildFile; fileRef = 4E519FCF21E0DF030038BA63 /* UpdateDBRouter.swift */; };
		4E519FD221E104720038BA63 /* UdateLocalDBPresenter.swift in Sources */ = {isa = PBXBuildFile; fileRef = 4E519FD121E104710038BA63 /* UdateLocalDBPresenter.swift */; };
		4E7A3CBF21E3BD3C007E9EDE /* ECommerce.xcdatamodeld in Sources */ = {isa = PBXBuildFile; fileRef = 4E27D38821DE66E900C494D9 /* ECommerce.xcdatamodeld */; };
		4E7A3CC321E3F819007E9EDE /* CategoryCell.swift in Sources */ = {isa = PBXBuildFile; fileRef = 4E7A3CC221E3F819007E9EDE /* CategoryCell.swift */; };
		4E7A3CC521E3FBA1007E9EDE /* ProductListViewController.swift in Sources */ = {isa = PBXBuildFile; fileRef = 4E7A3CC421E3FBA1007E9EDE /* ProductListViewController.swift */; };
		4E7A3CC721E4114D007E9EDE /* ProductDetailViewController.swift in Sources */ = {isa = PBXBuildFile; fileRef = 4E7A3CC621E4114D007E9EDE /* ProductDetailViewController.swift */; };
		4EBC0B7E21E008BB009CF816 /* ProductsLocalDataTests.swift in Sources */ = {isa = PBXBuildFile; fileRef = 4EBC0B7D21E008BB009CF816 /* ProductsLocalDataTests.swift */; };
		4EBC0B8021E092D6009CF816 /* ClientAPIManager.swift in Sources */ = {isa = PBXBuildFile; fileRef = 4EBC0B7F21E092D6009CF816 /* ClientAPIManager.swift */; };
/* End PBXBuildFile section */

/* Begin PBXContainerItemProxy section */
		4E27D39621DE670900C494D9 /* PBXContainerItemProxy */ = {
			isa = PBXContainerItemProxy;
			containerPortal = 4E27D37621DE66E600C494D9 /* Project object */;
			proxyType = 1;
			remoteGlobalIDString = 4E27D37D21DE66E700C494D9;
			remoteInfo = ECommerce;
		};
		4E27D3A121DE670900C494D9 /* PBXContainerItemProxy */ = {
			isa = PBXContainerItemProxy;
			containerPortal = 4E27D37621DE66E600C494D9 /* Project object */;
			proxyType = 1;
			remoteGlobalIDString = 4E27D37D21DE66E700C494D9;
			remoteInfo = ECommerce;
		};
/* End PBXContainerItemProxy section */

/* Begin PBXFileReference section */
		4E27D37E21DE66E800C494D9 /* ECommerce.app */ = {isa = PBXFileReference; explicitFileType = wrapper.application; includeInIndex = 0; path = ECommerce.app; sourceTree = BUILT_PRODUCTS_DIR; };
		4E27D38121DE66E800C494D9 /* AppDelegate.swift */ = {isa = PBXFileReference; lastKnownFileType = sourcecode.swift; path = AppDelegate.swift; sourceTree = "<group>"; };
		4E27D38321DE66E800C494D9 /* ViewController.swift */ = {isa = PBXFileReference; lastKnownFileType = sourcecode.swift; path = ViewController.swift; sourceTree = "<group>"; };
		4E27D38621DE66E900C494D9 /* Base */ = {isa = PBXFileReference; lastKnownFileType = file.storyboard; name = Base; path = Base.lproj/Main.storyboard; sourceTree = "<group>"; };
		4E27D38921DE66E900C494D9 /* ECommerce.xcdatamodel */ = {isa = PBXFileReference; lastKnownFileType = wrapper.xcdatamodel; path = ECommerce.xcdatamodel; sourceTree = "<group>"; };
		4E27D38B21DE670600C494D9 /* Assets.xcassets */ = {isa = PBXFileReference; lastKnownFileType = folder.assetcatalog; path = Assets.xcassets; sourceTree = "<group>"; };
		4E27D38E21DE670700C494D9 /* Base */ = {isa = PBXFileReference; lastKnownFileType = file.storyboard; name = Base; path = Base.lproj/LaunchScreen.storyboard; sourceTree = "<group>"; };
		4E27D39021DE670700C494D9 /* Info.plist */ = {isa = PBXFileReference; lastKnownFileType = text.plist.xml; path = Info.plist; sourceTree = "<group>"; };
		4E27D39521DE670900C494D9 /* ECommerceTests.xctest */ = {isa = PBXFileReference; explicitFileType = wrapper.cfbundle; includeInIndex = 0; path = ECommerceTests.xctest; sourceTree = BUILT_PRODUCTS_DIR; };
		4E27D39921DE670900C494D9 /* ECommerceTests.swift */ = {isa = PBXFileReference; lastKnownFileType = sourcecode.swift; path = ECommerceTests.swift; sourceTree = "<group>"; };
		4E27D39B21DE670900C494D9 /* Info.plist */ = {isa = PBXFileReference; lastKnownFileType = text.plist.xml; path = Info.plist; sourceTree = "<group>"; };
		4E27D3A021DE670900C494D9 /* ECommerceUITests.xctest */ = {isa = PBXFileReference; explicitFileType = wrapper.cfbundle; includeInIndex = 0; path = ECommerceUITests.xctest; sourceTree = BUILT_PRODUCTS_DIR; };
		4E27D3A421DE670A00C494D9 /* ECommerceUITests.swift */ = {isa = PBXFileReference; lastKnownFileType = sourcecode.swift; path = ECommerceUITests.swift; sourceTree = "<group>"; };
		4E27D3A621DE670A00C494D9 /* Info.plist */ = {isa = PBXFileReference; lastKnownFileType = text.plist.xml; path = Info.plist; sourceTree = "<group>"; };
		4E27D47D21DF5A0200C494D9 /* CoreData.framework */ = {isa = PBXFileReference; lastKnownFileType = wrapper.framework; name = CoreData.framework; path = System/Library/Frameworks/CoreData.framework; sourceTree = SDKROOT; };
		4E27D47F21DF5BDA00C494D9 /* CoreDataManager.swift */ = {isa = PBXFileReference; lastKnownFileType = sourcecode.swift; path = CoreDataManager.swift; sourceTree = "<group>"; };
		4E44F8C221E39163000D402C /* Products+CoreDataClass.swift */ = {isa = PBXFileReference; lastKnownFileType = sourcecode.swift; path = "Products+CoreDataClass.swift"; sourceTree = "<group>"; };
		4E44F8C321E39163000D402C /* Products+CoreDataProperties.swift */ = {isa = PBXFileReference; lastKnownFileType = sourcecode.swift; path = "Products+CoreDataProperties.swift"; sourceTree = "<group>"; };
		4E44F8C421E39163000D402C /* Categories+CoreDataClass.swift */ = {isa = PBXFileReference; lastKnownFileType = sourcecode.swift; path = "Categories+CoreDataClass.swift"; sourceTree = "<group>"; };
		4E44F8C521E39163000D402C /* Categories+CoreDataProperties.swift */ = {isa = PBXFileReference; lastKnownFileType = sourcecode.swift; path = "Categories+CoreDataProperties.swift"; sourceTree = "<group>"; };
		4E44F8C621E39163000D402C /* Variants+CoreDataClass.swift */ = {isa = PBXFileReference; lastKnownFileType = sourcecode.swift; path = "Variants+CoreDataClass.swift"; sourceTree = "<group>"; };
		4E44F8C721E39163000D402C /* Variants+CoreDataProperties.swift */ = {isa = PBXFileReference; lastKnownFileType = sourcecode.swift; path = "Variants+CoreDataProperties.swift"; sourceTree = "<group>"; };
		4E44F8C821E39163000D402C /* Tax+CoreDataClass.swift */ = {isa = PBXFileReference; lastKnownFileType = sourcecode.swift; path = "Tax+CoreDataClass.swift"; sourceTree = "<group>"; };
		4E44F8C921E39163000D402C /* Tax+CoreDataProperties.swift */ = {isa = PBXFileReference; lastKnownFileType = sourcecode.swift; path = "Tax+CoreDataProperties.swift"; sourceTree = "<group>"; };
		4E44F8CA21E39163000D402C /* Ranking+CoreDataClass.swift */ = {isa = PBXFileReference; lastKnownFileType = sourcecode.swift; path = "Ranking+CoreDataClass.swift"; sourceTree = "<group>"; };
		4E44F8CB21E39163000D402C /* Ranking+CoreDataProperties.swift */ = {isa = PBXFileReference; lastKnownFileType = sourcecode.swift; path = "Ranking+CoreDataProperties.swift"; sourceTree = "<group>"; };
		4E519FB721E0AFBD0038BA63 /* ConstantsAPI.swift */ = {isa = PBXFileReference; lastKnownFileType = sourcecode.swift; path = ConstantsAPI.swift; sourceTree = "<group>"; };
		4E519FBD21E0C29B0038BA63 /* CategoryProductsProtocols.swift */ = {isa = PBXFileReference; lastKnownFileType = sourcecode.swift; path = CategoryProductsProtocols.swift; sourceTree = "<group>"; };
		4E519FBF21E0C3AD0038BA63 /* ProductRouter.swift */ = {isa = PBXFileReference; lastKnownFileType = sourcecode.swift; path = ProductRouter.swift; sourceTree = "<group>"; };
		4E519FC121E0C5040038BA63 /* ProductsPresenter.swift */ = {isa = PBXFileReference; lastKnownFileType = sourcecode.swift; path = ProductsPresenter.swift; sourceTree = "<group>"; };
		4E519FC521E0C68C0038BA63 /* ProductsInteractor.swift */ = {isa = PBXFileReference; lastKnownFileType = sourcecode.swift; path = ProductsInteractor.swift; sourceTree = "<group>"; };
		4E519FC921E0C9110038BA63 /* ProductsViewController.swift */ = {isa = PBXFileReference; lastKnownFileType = sourcecode.swift; path = ProductsViewController.swift; sourceTree = "<group>"; };
		4E519FCB21E0DA680038BA63 /* UpdateLocalDataViewController.swift */ = {isa = PBXFileReference; lastKnownFileType = sourcecode.swift; path = UpdateLocalDataViewController.swift; sourceTree = "<group>"; };
		4E519FCD21E0DE700038BA63 /* UpdateLocalDbInteractor.swift */ = {isa = PBXFileReference; lastKnownFileType = sourcecode.swift; path = UpdateLocalDbInteractor.swift; sourceTree = "<group>"; };
		4E519FCF21E0DF030038BA63 /* UpdateDBRouter.swift */ = {isa = PBXFileReference; lastKnownFileType = sourcecode.swift; path = UpdateDBRouter.swift; sourceTree = "<group>"; };
		4E519FD121E104710038BA63 /* UdateLocalDBPresenter.swift */ = {isa = PBXFileReference; lastKnownFileType = sourcecode.swift; path = UdateLocalDBPresenter.swift; sourceTree = "<group>"; };
		4E7A3CC221E3F819007E9EDE /* CategoryCell.swift */ = {isa = PBXFileReference; lastKnownFileType = sourcecode.swift; path = CategoryCell.swift; sourceTree = "<group>"; };
		4E7A3CC421E3FBA1007E9EDE /* ProductListViewController.swift */ = {isa = PBXFileReference; lastKnownFileType = sourcecode.swift; path = ProductListViewController.swift; sourceTree = "<group>"; };
		4E7A3CC621E4114D007E9EDE /* ProductDetailViewController.swift */ = {isa = PBXFileReference; lastKnownFileType = sourcecode.swift; path = ProductDetailViewController.swift; sourceTree = "<group>"; };
		4EBC0B7D21E008BB009CF816 /* ProductsLocalDataTests.swift */ = {isa = PBXFileReference; lastKnownFileType = sourcecode.swift; path = ProductsLocalDataTests.swift; sourceTree = "<group>"; };
		4EBC0B7F21E092D6009CF816 /* ClientAPIManager.swift */ = {isa = PBXFileReference; lastKnownFileType = sourcecode.swift; path = ClientAPIManager.swift; sourceTree = "<group>"; };
/* End PBXFileReference section */

/* Begin PBXFrameworksBuildPhase section */
		4E27D37B21DE66E700C494D9 /* Frameworks */ = {
			isa = PBXFrameworksBuildPhase;
			buildActionMask = 2147483647;
			files = (
				4E27D47E21DF5A0200C494D9 /* CoreData.framework in Frameworks */,
			);
			runOnlyForDeploymentPostprocessing = 0;
		};
		4E27D39221DE670900C494D9 /* Frameworks */ = {
			isa = PBXFrameworksBuildPhase;
			buildActionMask = 2147483647;
			files = (
			);
			runOnlyForDeploymentPostprocessing = 0;
		};
		4E27D39D21DE670900C494D9 /* Frameworks */ = {
			isa = PBXFrameworksBuildPhase;
			buildActionMask = 2147483647;
			files = (
			);
			runOnlyForDeploymentPostprocessing = 0;
		};
/* End PBXFrameworksBuildPhase section */

/* Begin PBXGroup section */
		4E27D37521DE66E600C494D9 = {
			isa = PBXGroup;
			children = (
				4E27D38021DE66E800C494D9 /* ECommerce */,
				4E27D39821DE670900C494D9 /* ECommerceTests */,
				4E27D3A321DE670900C494D9 /* ECommerceUITests */,
				4E27D37F21DE66E800C494D9 /* Products */,
				4E27D47C21DF5A0200C494D9 /* Frameworks */,
			);
			sourceTree = "<group>";
		};
		4E27D37F21DE66E800C494D9 /* Products */ = {
			isa = PBXGroup;
			children = (
				4E27D37E21DE66E800C494D9 /* ECommerce.app */,
				4E27D39521DE670900C494D9 /* ECommerceTests.xctest */,
				4E27D3A021DE670900C494D9 /* ECommerceUITests.xctest */,
			);
			name = Products;
			sourceTree = "<group>";
		};
		4E27D38021DE66E800C494D9 /* ECommerce */ = {
			isa = PBXGroup;
			children = (
				4E27D47721DF591D00C494D9 /* Common */,
				4E27D45021DF590200C494D9 /* Modules */,
				4E27D44F21DE98DF00C494D9 /* Services */,
				4E27D38121DE66E800C494D9 /* AppDelegate.swift */,
				4E27D38321DE66E800C494D9 /* ViewController.swift */,
				4E27D38521DE66E900C494D9 /* Main.storyboard */,
				4E27D38B21DE670600C494D9 /* Assets.xcassets */,
				4E27D38D21DE670700C494D9 /* LaunchScreen.storyboard */,
				4E27D39021DE670700C494D9 /* Info.plist */,
				4E27D38821DE66E900C494D9 /* ECommerce.xcdatamodeld */,
			);
			path = ECommerce;
			sourceTree = "<group>";
		};
		4E27D39821DE670900C494D9 /* ECommerceTests */ = {
			isa = PBXGroup;
			children = (
				4E27D39921DE670900C494D9 /* ECommerceTests.swift */,
				4E27D39B21DE670900C494D9 /* Info.plist */,
				4EBC0B7D21E008BB009CF816 /* ProductsLocalDataTests.swift */,
			);
			path = ECommerceTests;
			sourceTree = "<group>";
		};
		4E27D3A321DE670900C494D9 /* ECommerceUITests */ = {
			isa = PBXGroup;
			children = (
				4E27D3A421DE670A00C494D9 /* ECommerceUITests.swift */,
				4E27D3A621DE670A00C494D9 /* Info.plist */,
			);
			path = ECommerceUITests;
			sourceTree = "<group>";
		};
		4E27D44F21DE98DF00C494D9 /* Services */ = {
			isa = PBXGroup;
			children = (
				4EBC0B7F21E092D6009CF816 /* ClientAPIManager.swift */,
			);
			path = Services;
			sourceTree = "<group>";
		};
		4E27D45021DF590200C494D9 /* Modules */ = {
			isa = PBXGroup;
			children = (
				4E27D45121DF590200C494D9 /* Products */,
			);
			path = Modules;
			sourceTree = "<group>";
		};
		4E27D45121DF590200C494D9 /* Products */ = {
			isa = PBXGroup;
			children = (
				4E27D45221DF590200C494D9 /* Route */,
				4E27D45321DF590200C494D9 /* Entity */,
				4E27D45E21DF590200C494D9 /* Presenter */,
				4E27D46021DF590200C494D9 /* View */,
				4E27D46121DF590200C494D9 /* Protocols */,
				4E27D46221DF590200C494D9 /* Interactor */,
			);
			path = Products;
			sourceTree = "<group>";
		};
		4E27D45221DF590200C494D9 /* Route */ = {
			isa = PBXGroup;
			children = (
				4E519FBF21E0C3AD0038BA63 /* ProductRouter.swift */,
				4E519FCF21E0DF030038BA63 /* UpdateDBRouter.swift */,
			);
			path = Route;
			sourceTree = "<group>";
		};
		4E27D45321DF590200C494D9 /* Entity */ = {
			isa = PBXGroup;
			children = (
				4E44F8C221E39163000D402C /* Products+CoreDataClass.swift */,
				4E44F8C321E39163000D402C /* Products+CoreDataProperties.swift */,
				4E44F8C421E39163000D402C /* Categories+CoreDataClass.swift */,
				4E44F8C521E39163000D402C /* Categories+CoreDataProperties.swift */,
				4E44F8C621E39163000D402C /* Variants+CoreDataClass.swift */,
				4E44F8C721E39163000D402C /* Variants+CoreDataProperties.swift */,
				4E44F8C821E39163000D402C /* Tax+CoreDataClass.swift */,
				4E44F8C921E39163000D402C /* Tax+CoreDataProperties.swift */,
				4E44F8CA21E39163000D402C /* Ranking+CoreDataClass.swift */,
				4E44F8CB21E39163000D402C /* Ranking+CoreDataProperties.swift */,
			);
			path = Entity;
			sourceTree = "<group>";
		};
		4E27D45E21DF590200C494D9 /* Presenter */ = {
			isa = PBXGroup;
			children = (
				4E519FC121E0C5040038BA63 /* ProductsPresenter.swift */,
				4E519FD121E104710038BA63 /* UdateLocalDBPresenter.swift */,
			);
			path = Presenter;
			sourceTree = "<group>";
		};
		4E27D46021DF590200C494D9 /* View */ = {
			isa = PBXGroup;
			children = (
				4E519FC921E0C9110038BA63 /* ProductsViewController.swift */,
				4E519FCB21E0DA680038BA63 /* UpdateLocalDataViewController.swift */,
				4E7A3CC221E3F819007E9EDE /* CategoryCell.swift */,
				4E7A3CC421E3FBA1007E9EDE /* ProductListViewController.swift */,
				4E7A3CC621E4114D007E9EDE /* ProductDetailViewController.swift */,
			);
			path = View;
			sourceTree = "<group>";
		};
		4E27D46121DF590200C494D9 /* Protocols */ = {
			isa = PBXGroup;
			children = (
				4E519FBD21E0C29B0038BA63 /* CategoryProductsProtocols.swift */,
			);
			path = Protocols;
			sourceTree = "<group>";
		};
		4E27D46221DF590200C494D9 /* Interactor */ = {
			isa = PBXGroup;
			children = (
				4E519FC521E0C68C0038BA63 /* ProductsInteractor.swift */,
				4E519FCD21E0DE700038BA63 /* UpdateLocalDbInteractor.swift */,
			);
			path = Interactor;
			sourceTree = "<group>";
		};
		4E27D47721DF591D00C494D9 /* Common */ = {
			isa = PBXGroup;
			children = (
				4E519FB621E0AF790038BA63 /* Constants */,
				4E27D47821DF598000C494D9 /* Core Data */,
			);
			path = Common;
			sourceTree = "<group>";
		};
		4E27D47821DF598000C494D9 /* Core Data */ = {
			isa = PBXGroup;
			children = (
				4E27D47F21DF5BDA00C494D9 /* CoreDataManager.swift */,
			);
			path = "Core Data";
			sourceTree = "<group>";
		};
		4E27D47C21DF5A0200C494D9 /* Frameworks */ = {
			isa = PBXGroup;
			children = (
				4E27D47D21DF5A0200C494D9 /* CoreData.framework */,
			);
			name = Frameworks;
			sourceTree = "<group>";
		};
		4E519FB621E0AF790038BA63 /* Constants */ = {
			isa = PBXGroup;
			children = (
				4E519FB721E0AFBD0038BA63 /* ConstantsAPI.swift */,
			);
			path = Constants;
			sourceTree = "<group>";
		};
/* End PBXGroup section */

/* Begin PBXNativeTarget section */
		4E27D37D21DE66E700C494D9 /* ECommerce */ = {
			isa = PBXNativeTarget;
			buildConfigurationList = 4E27D3A921DE670A00C494D9 /* Build configuration list for PBXNativeTarget "ECommerce" */;
			buildPhases = (
				4E27D37A21DE66E700C494D9 /* Sources */,
				4E27D37B21DE66E700C494D9 /* Frameworks */,
				4E27D37C21DE66E700C494D9 /* Resources */,
			);
			buildRules = (
			);
			dependencies = (
			);
			name = ECommerce;
			productName = ECommerce;
			productReference = 4E27D37E21DE66E800C494D9 /* ECommerce.app */;
			productType = "com.apple.product-type.application";
		};
		4E27D39421DE670900C494D9 /* ECommerceTests */ = {
			isa = PBXNativeTarget;
			buildConfigurationList = 4E27D3AC21DE670A00C494D9 /* Build configuration list for PBXNativeTarget "ECommerceTests" */;
			buildPhases = (
				4E27D39121DE670900C494D9 /* Sources */,
				4E27D39221DE670900C494D9 /* Frameworks */,
				4E27D39321DE670900C494D9 /* Resources */,
			);
			buildRules = (
			);
			dependencies = (
				4E27D39721DE670900C494D9 /* PBXTargetDependency */,
			);
			name = ECommerceTests;
			productName = ECommerceTests;
			productReference = 4E27D39521DE670900C494D9 /* ECommerceTests.xctest */;
			productType = "com.apple.product-type.bundle.unit-test";
		};
		4E27D39F21DE670900C494D9 /* ECommerceUITests */ = {
			isa = PBXNativeTarget;
			buildConfigurationList = 4E27D3AF21DE670A00C494D9 /* Build configuration list for PBXNativeTarget "ECommerceUITests" */;
			buildPhases = (
				4E27D39C21DE670900C494D9 /* Sources */,
				4E27D39D21DE670900C494D9 /* Frameworks */,
				4E27D39E21DE670900C494D9 /* Resources */,
			);
			buildRules = (
			);
			dependencies = (
				4E27D3A221DE670900C494D9 /* PBXTargetDependency */,
			);
			name = ECommerceUITests;
			productName = ECommerceUITests;
			productReference = 4E27D3A021DE670900C494D9 /* ECommerceUITests.xctest */;
			productType = "com.apple.product-type.bundle.ui-testing";
		};
/* End PBXNativeTarget section */

/* Begin PBXProject section */
		4E27D37621DE66E600C494D9 /* Project object */ = {
			isa = PBXProject;
			attributes = {
				LastSwiftUpdateCheck = 1010;
				LastUpgradeCheck = 1010;
				ORGANIZATIONNAME = "Abhay Singh Naurang";
				TargetAttributes = {
					4E27D37D21DE66E700C494D9 = {
						CreatedOnToolsVersion = 10.1;
					};
					4E27D39421DE670900C494D9 = {
						CreatedOnToolsVersion = 10.1;
						TestTargetID = 4E27D37D21DE66E700C494D9;
					};
					4E27D39F21DE670900C494D9 = {
						CreatedOnToolsVersion = 10.1;
						TestTargetID = 4E27D37D21DE66E700C494D9;
					};
				};
			};
			buildConfigurationList = 4E27D37921DE66E600C494D9 /* Build configuration list for PBXProject "ECommerce" */;
			compatibilityVersion = "Xcode 9.3";
			developmentRegion = en;
			hasScannedForEncodings = 0;
			knownRegions = (
				en,
				Base,
			);
			mainGroup = 4E27D37521DE66E600C494D9;
			productRefGroup = 4E27D37F21DE66E800C494D9 /* Products */;
			projectDirPath = "";
			projectRoot = "";
			targets = (
				4E27D37D21DE66E700C494D9 /* ECommerce */,
				4E27D39421DE670900C494D9 /* ECommerceTests */,
				4E27D39F21DE670900C494D9 /* ECommerceUITests */,
			);
		};
/* End PBXProject section */

/* Begin PBXResourcesBuildPhase section */
		4E27D37C21DE66E700C494D9 /* Resources */ = {
			isa = PBXResourcesBuildPhase;
			buildActionMask = 2147483647;
			files = (
				4E27D38F21DE670700C494D9 /* LaunchScreen.storyboard in Resources */,
				4E27D38C21DE670600C494D9 /* Assets.xcassets in Resources */,
				4E27D38721DE66E900C494D9 /* Main.storyboard in Resources */,
			);
			runOnlyForDeploymentPostprocessing = 0;
		};
		4E27D39321DE670900C494D9 /* Resources */ = {
			isa = PBXResourcesBuildPhase;
			buildActionMask = 2147483647;
			files = (
			);
			runOnlyForDeploymentPostprocessing = 0;
		};
		4E27D39E21DE670900C494D9 /* Resources */ = {
			isa = PBXResourcesBuildPhase;
			buildActionMask = 2147483647;
			files = (
			);
			runOnlyForDeploymentPostprocessing = 0;
		};
/* End PBXResourcesBuildPhase section */

/* Begin PBXSourcesBuildPhase section */
		4E27D37A21DE66E700C494D9 /* Sources */ = {
			isa = PBXSourcesBuildPhase;
			buildActionMask = 2147483647;
			files = (
				4E519FD221E104720038BA63 /* UdateLocalDBPresenter.swift in Sources */,
				4E44F8D621E39163000D402C /* Variants+CoreDataProperties.swift in Sources */,
				4E44F8D221E39163000D402C /* Categories+CoreDataProperties.swift in Sources */,
				4E44F8CE21E39163000D402C /* Products+CoreDataProperties.swift in Sources */,
				4E519FD021E0DF030038BA63 /* UpdateDBRouter.swift in Sources */,
				4E27D38421DE66E800C494D9 /* ViewController.swift in Sources */,
				4EBC0B8021E092D6009CF816 /* ClientAPIManager.swift in Sources */,
				4E519FC621E0C68C0038BA63 /* ProductsInteractor.swift in Sources */,
				4E519FCA21E0C9110038BA63 /* ProductsViewController.swift in Sources */,
				4E7A3CC721E4114D007E9EDE /* ProductDetailViewController.swift in Sources */,
				4E519FCE21E0DE700038BA63 /* UpdateLocalDbInteractor.swift in Sources */,
				4E44F8D021E39163000D402C /* Categories+CoreDataClass.swift in Sources */,
				4E519FC021E0C3AD0038BA63 /* ProductRouter.swift in Sources */,
				4E519FB821E0AFBD0038BA63 /* ConstantsAPI.swift in Sources */,
				4E7A3CC321E3F819007E9EDE /* CategoryCell.swift in Sources */,
				4E27D48021DF5BDA00C494D9 /* CoreDataManager.swift in Sources */,
				4E519FCC21E0DA680038BA63 /* UpdateLocalDataViewController.swift in Sources */,
				4E44F8DA21E39163000D402C /* Tax+CoreDataProperties.swift in Sources */,
				4E44F8DE21E39163000D402C /* Ranking+CoreDataProperties.swift in Sources */,
				4E44F8DC21E39163000D402C /* Ranking+CoreDataClass.swift in Sources */,
				4E7A3CC521E3FBA1007E9EDE /* ProductListViewController.swift in Sources */,
				4E44F8D821E39163000D402C /* Tax+CoreDataClass.swift in Sources */,
				4E519FC221E0C5040038BA63 /* ProductsPresenter.swift in Sources */,
				4E44F8CC21E39163000D402C /* Products+CoreDataClass.swift in Sources */,
				4E44F8D421E39163000D402C /* Variants+CoreDataClass.swift in Sources */,
				4E519FBE21E0C29B0038BA63 /* CategoryProductsProtocols.swift in Sources */,
				4E27D38221DE66E800C494D9 /* AppDelegate.swift in Sources */,
				4E7A3CBF21E3BD3C007E9EDE /* ECommerce.xcdatamodeld in Sources */,
			);
			runOnlyForDeploymentPostprocessing = 0;
		};
		4E27D39121DE670900C494D9 /* Sources */ = {
			isa = PBXSourcesBuildPhase;
			buildActionMask = 2147483647;
			files = (
				4E44F8DD21E39163000D402C /* Ranking+CoreDataClass.swift in Sources */,
				4E44F8CF21E39163000D402C /* Products+CoreDataProperties.swift in Sources */,
				4E44F8DF21E39163000D402C /* Ranking+CoreDataProperties.swift in Sources */,
				4E44F8D921E39163000D402C /* Tax+CoreDataClass.swift in Sources */,
				4E44F8D321E39163000D402C /* Categories+CoreDataProperties.swift in Sources */,
				4E27D48121DF5BDA00C494D9 /* CoreDataManager.swift in Sources */,
				4E44F8DB21E39163000D402C /* Tax+CoreDataProperties.swift in Sources */,
				4E44F8D521E39163000D402C /* Variants+CoreDataClass.swift in Sources */,
				4E27D39A21DE670900C494D9 /* ECommerceTests.swift in Sources */,
				4E44F8D721E39163000D402C /* Variants+CoreDataProperties.swift in Sources */,
				4E44F8D121E39163000D402C /* Categories+CoreDataClass.swift in Sources */,
				4EBC0B7E21E008BB009CF816 /* ProductsLocalDataTests.swift in Sources */,
				4E44F8CD21E39163000D402C /* Products+CoreDataClass.swift in Sources */,
			);
			runOnlyForDeploymentPostprocessing = 0;
		};
		4E27D39C21DE670900C494D9 /* Sources */ = {
			isa = PBXSourcesBuildPhase;
			buildActionMask = 2147483647;
			files = (
				4E27D3A521DE670A00C494D9 /* ECommerceUITests.swift in Sources */,
			);
			runOnlyForDeploymentPostprocessing = 0;
		};
/* End PBXSourcesBuildPhase section */

/* Begin PBXTargetDependency section */
		4E27D39721DE670900C494D9 /* PBXTargetDependency */ = {
			isa = PBXTargetDependency;
			target = 4E27D37D21DE66E700C494D9 /* ECommerce */;
			targetProxy = 4E27D39621DE670900C494D9 /* PBXContainerItemProxy */;
		};
		4E27D3A221DE670900C494D9 /* PBXTargetDependency */ = {
			isa = PBXTargetDependency;
			target = 4E27D37D21DE66E700C494D9 /* ECommerce */;
			targetProxy = 4E27D3A121DE670900C494D9 /* PBXContainerItemProxy */;
		};
/* End PBXTargetDependency section */

/* Begin PBXVariantGroup section */
		4E27D38521DE66E900C494D9 /* Main.storyboard */ = {
			isa = PBXVariantGroup;
			children = (
				4E27D38621DE66E900C494D9 /* Base */,
			);
			name = Main.storyboard;
			sourceTree = "<group>";
		};
		4E27D38D21DE670700C494D9 /* LaunchScreen.storyboard */ = {
			isa = PBXVariantGroup;
			children = (
				4E27D38E21DE670700C494D9 /* Base */,
			);
			name = LaunchScreen.storyboard;
			sourceTree = "<group>";
		};
/* End PBXVariantGroup section */

/* Begin XCBuildConfiguration section */
		4E27D3A721DE670A00C494D9 /* Debug */ = {
			isa = XCBuildConfiguration;
			buildSettings = {
				ALWAYS_SEARCH_USER_PATHS = NO;
				CLANG_ANALYZER_NONNULL = YES;
				CLANG_ANALYZER_NUMBER_OBJECT_CONVERSION = YES_AGGRESSIVE;
				CLANG_CXX_LANGUAGE_STANDARD = "gnu++14";
				CLANG_CXX_LIBRARY = "libc++";
				CLANG_ENABLE_MODULES = YES;
				CLANG_ENABLE_OBJC_ARC = YES;
				CLANG_ENABLE_OBJC_WEAK = YES;
				CLANG_WARN_BLOCK_CAPTURE_AUTORELEASING = YES;
				CLANG_WARN_BOOL_CONVERSION = YES;
				CLANG_WARN_COMMA = YES;
				CLANG_WARN_CONSTANT_CONVERSION = YES;
				CLANG_WARN_DEPRECATED_OBJC_IMPLEMENTATIONS = YES;
				CLANG_WARN_DIRECT_OBJC_ISA_USAGE = YES_ERROR;
				CLANG_WARN_DOCUMENTATION_COMMENTS = YES;
				CLANG_WARN_EMPTY_BODY = YES;
				CLANG_WARN_ENUM_CONVERSION = YES;
				CLANG_WARN_INFINITE_RECURSION = YES;
				CLANG_WARN_INT_CONVERSION = YES;
				CLANG_WARN_NON_LITERAL_NULL_CONVERSION = YES;
				CLANG_WARN_OBJC_IMPLICIT_RETAIN_SELF = YES;
				CLANG_WARN_OBJC_LITERAL_CONVERSION = YES;
				CLANG_WARN_OBJC_ROOT_CLASS = YES_ERROR;
				CLANG_WARN_RANGE_LOOP_ANALYSIS = YES;
				CLANG_WARN_STRICT_PROTOTYPES = YES;
				CLANG_WARN_SUSPICIOUS_MOVE = YES;
				CLANG_WARN_UNGUARDED_AVAILABILITY = YES_AGGRESSIVE;
				CLANG_WARN_UNREACHABLE_CODE = YES;
				CLANG_WARN__DUPLICATE_METHOD_MATCH = YES;
				CODE_SIGN_IDENTITY = "iPhone Developer";
				COPY_PHASE_STRIP = NO;
				DEBUG_INFORMATION_FORMAT = dwarf;
				ENABLE_STRICT_OBJC_MSGSEND = YES;
				ENABLE_TESTABILITY = YES;
				GCC_C_LANGUAGE_STANDARD = gnu11;
				GCC_DYNAMIC_NO_PIC = NO;
				GCC_NO_COMMON_BLOCKS = YES;
				GCC_OPTIMIZATION_LEVEL = 0;
				GCC_PREPROCESSOR_DEFINITIONS = (
					"DEBUG=1",
					"$(inherited)",
				);
				GCC_WARN_64_TO_32_BIT_CONVERSION = YES;
				GCC_WARN_ABOUT_RETURN_TYPE = YES_ERROR;
				GCC_WARN_UNDECLARED_SELECTOR = YES;
				GCC_WARN_UNINITIALIZED_AUTOS = YES_AGGRESSIVE;
				GCC_WARN_UNUSED_FUNCTION = YES;
				GCC_WARN_UNUSED_VARIABLE = YES;
				IPHONEOS_DEPLOYMENT_TARGET = 12.1;
				MTL_ENABLE_DEBUG_INFO = INCLUDE_SOURCE;
				MTL_FAST_MATH = YES;
				ONLY_ACTIVE_ARCH = YES;
				SDKROOT = iphoneos;
				SWIFT_ACTIVE_COMPILATION_CONDITIONS = DEBUG;
				SWIFT_OPTIMIZATION_LEVEL = "-Onone";
			};
			name = Debug;
		};
		4E27D3A821DE670A00C494D9 /* Release */ = {
			isa = XCBuildConfiguration;
			buildSettings = {
				ALWAYS_SEARCH_USER_PATHS = NO;
				CLANG_ANALYZER_NONNULL = YES;
				CLANG_ANALYZER_NUMBER_OBJECT_CONVERSION = YES_AGGRESSIVE;
				CLANG_CXX_LANGUAGE_STANDARD = "gnu++14";
				CLANG_CXX_LIBRARY = "libc++";
				CLANG_ENABLE_MODULES = YES;
				CLANG_ENABLE_OBJC_ARC = YES;
				CLANG_ENABLE_OBJC_WEAK = YES;
				CLANG_WARN_BLOCK_CAPTURE_AUTORELEASING = YES;
				CLANG_WARN_BOOL_CONVERSION = YES;
				CLANG_WARN_COMMA = YES;
				CLANG_WARN_CONSTANT_CONVERSION = YES;
				CLANG_WARN_DEPRECATED_OBJC_IMPLEMENTATIONS = YES;
				CLANG_WARN_DIRECT_OBJC_ISA_USAGE = YES_ERROR;
				CLANG_WARN_DOCUMENTATION_COMMENTS = YES;
				CLANG_WARN_EMPTY_BODY = YES;
				CLANG_WARN_ENUM_CONVERSION = YES;
				CLANG_WARN_INFINITE_RECURSION = YES;
				CLANG_WARN_INT_CONVERSION = YES;
				CLANG_WARN_NON_LITERAL_NULL_CONVERSION = YES;
				CLANG_WARN_OBJC_IMPLICIT_RETAIN_SELF = YES;
				CLANG_WARN_OBJC_LITERAL_CONVERSION = YES;
				CLANG_WARN_OBJC_ROOT_CLASS = YES_ERROR;
				CLANG_WARN_RANGE_LOOP_ANALYSIS = YES;
				CLANG_WARN_STRICT_PROTOTYPES = YES;
				CLANG_WARN_SUSPICIOUS_MOVE = YES;
				CLANG_WARN_UNGUARDED_AVAILABILITY = YES_AGGRESSIVE;
				CLANG_WARN_UNREACHABLE_CODE = YES;
				CLANG_WARN__DUPLICATE_METHOD_MATCH = YES;
				CODE_SIGN_IDENTITY = "iPhone Developer";
				COPY_PHASE_STRIP = NO;
				DEBUG_INFORMATION_FORMAT = "dwarf-with-dsym";
				ENABLE_NS_ASSERTIONS = NO;
				ENABLE_STRICT_OBJC_MSGSEND = YES;
				GCC_C_LANGUAGE_STANDARD = gnu11;
				GCC_NO_COMMON_BLOCKS = YES;
				GCC_WARN_64_TO_32_BIT_CONVERSION = YES;
				GCC_WARN_ABOUT_RETURN_TYPE = YES_ERROR;
				GCC_WARN_UNDECLARED_SELECTOR = YES;
				GCC_WARN_UNINITIALIZED_AUTOS = YES_AGGRESSIVE;
				GCC_WARN_UNUSED_FUNCTION = YES;
				GCC_WARN_UNUSED_VARIABLE = YES;
				IPHONEOS_DEPLOYMENT_TARGET = 12.1;
				MTL_ENABLE_DEBUG_INFO = NO;
				MTL_FAST_MATH = YES;
				SDKROOT = iphoneos;
				SWIFT_COMPILATION_MODE = wholemodule;
				SWIFT_OPTIMIZATION_LEVEL = "-O";
				VALIDATE_PRODUCT = YES;
			};
			name = Release;
		};
		4E27D3AA21DE670A00C494D9 /* Debug */ = {
			isa = XCBuildConfiguration;
			buildSettings = {
				ASSETCATALOG_COMPILER_APPICON_NAME = AppIcon;
				CODE_SIGN_STYLE = Automatic;
				DEVELOPMENT_TEAM = 66UW64FRV3;
				INFOPLIST_FILE = ECommerce/Info.plist;
				LD_RUNPATH_SEARCH_PATHS = (
					"$(inherited)",
					"@executable_path/Frameworks",
				);
				PRODUCT_BUNDLE_IDENTIFIER = com.AbhaySinghNaurang.ECommerce;
				PRODUCT_NAME = "$(TARGET_NAME)";
				SWIFT_VERSION = 4.2;
				TARGETED_DEVICE_FAMILY = "1,2";
			};
			name = Debug;
		};
		4E27D3AB21DE670A00C494D9 /* Release */ = {
			isa = XCBuildConfiguration;
			buildSettings = {
				ASSETCATALOG_COMPILER_APPICON_NAME = AppIcon;
				CODE_SIGN_STYLE = Automatic;
				DEVELOPMENT_TEAM = 66UW64FRV3;
				INFOPLIST_FILE = ECommerce/Info.plist;
				LD_RUNPATH_SEARCH_PATHS = (
					"$(inherited)",
					"@executable_path/Frameworks",
				);
				PRODUCT_BUNDLE_IDENTIFIER = com.AbhaySinghNaurang.ECommerce;
				PRODUCT_NAME = "$(TARGET_NAME)";
				SWIFT_VERSION = 4.2;
				TARGETED_DEVICE_FAMILY = "1,2";
			};
			name = Release;
		};
		4E27D3AD21DE670A00C494D9 /* Debug */ = {
			isa = XCBuildConfiguration;
			buildSettings = {
				ALWAYS_EMBED_SWIFT_STANDARD_LIBRARIES = YES;
				BUNDLE_LOADER = "$(TEST_HOST)";
				CODE_SIGN_STYLE = Automatic;
				DEVELOPMENT_TEAM = 66UW64FRV3;
				INFOPLIST_FILE = ECommerceTests/Info.plist;
				LD_RUNPATH_SEARCH_PATHS = (
					"$(inherited)",
					"@executable_path/Frameworks",
					"@loader_path/Frameworks",
				);
				PRODUCT_BUNDLE_IDENTIFIER = com.AbhaySinghNaurang.ECommerceTests;
				PRODUCT_NAME = "$(TARGET_NAME)";
				SWIFT_VERSION = 4.2;
				TARGETED_DEVICE_FAMILY = "1,2";
				TEST_HOST = "$(BUILT_PRODUCTS_DIR)/ECommerce.app/ECommerce";
			};
			name = Debug;
		};
		4E27D3AE21DE670A00C494D9 /* Release */ = {
			isa = XCBuildConfiguration;
			buildSettings = {
				ALWAYS_EMBED_SWIFT_STANDARD_LIBRARIES = YES;
				BUNDLE_LOADER = "$(TEST_HOST)";
				CODE_SIGN_STYLE = Automatic;
				DEVELOPMENT_TEAM = 66UW64FRV3;
				INFOPLIST_FILE = ECommerceTests/Info.plist;
				LD_RUNPATH_SEARCH_PATHS = (
					"$(inherited)",
					"@executable_path/Frameworks",
					"@loader_path/Frameworks",
				);
				PRODUCT_BUNDLE_IDENTIFIER = com.AbhaySinghNaurang.ECommerceTests;
				PRODUCT_NAME = "$(TARGET_NAME)";
				SWIFT_VERSION = 4.2;
				TARGETED_DEVICE_FAMILY = "1,2";
				TEST_HOST = "$(BUILT_PRODUCTS_DIR)/ECommerce.app/ECommerce";
			};
			name = Release;
		};
		4E27D3B021DE670A00C494D9 /* Debug */ = {
			isa = XCBuildConfiguration;
			buildSettings = {
				ALWAYS_EMBED_SWIFT_STANDARD_LIBRARIES = YES;
				CODE_SIGN_STYLE = Automatic;
				DEVELOPMENT_TEAM = 66UW64FRV3;
				INFOPLIST_FILE = ECommerceUITests/Info.plist;
				LD_RUNPATH_SEARCH_PATHS = (
					"$(inherited)",
					"@executable_path/Frameworks",
					"@loader_path/Frameworks",
				);
				PRODUCT_BUNDLE_IDENTIFIER = com.AbhaySinghNaurang.ECommerceUITests;
				PRODUCT_NAME = "$(TARGET_NAME)";
				SWIFT_VERSION = 4.2;
				TARGETED_DEVICE_FAMILY = "1,2";
				TEST_TARGET_NAME = ECommerce;
			};
			name = Debug;
		};
		4E27D3B121DE670A00C494D9 /* Release */ = {
			isa = XCBuildConfiguration;
			buildSettings = {
				ALWAYS_EMBED_SWIFT_STANDARD_LIBRARIES = YES;
				CODE_SIGN_STYLE = Automatic;
				DEVELOPMENT_TEAM = 66UW64FRV3;
				INFOPLIST_FILE = ECommerceUITests/Info.plist;
				LD_RUNPATH_SEARCH_PATHS = (
					"$(inherited)",
					"@executable_path/Frameworks",
					"@loader_path/Frameworks",
				);
				PRODUCT_BUNDLE_IDENTIFIER = com.AbhaySinghNaurang.ECommerceUITests;
				PRODUCT_NAME = "$(TARGET_NAME)";
				SWIFT_VERSION = 4.2;
				TARGETED_DEVICE_FAMILY = "1,2";
				TEST_TARGET_NAME = ECommerce;
			};
			name = Release;
		};
/* End XCBuildConfiguration section */

/* Begin XCConfigurationList section */
		4E27D37921DE66E600C494D9 /* Build configuration list for PBXProject "ECommerce" */ = {
			isa = XCConfigurationList;
			buildConfigurations = (
				4E27D3A721DE670A00C494D9 /* Debug */,
				4E27D3A821DE670A00C494D9 /* Release */,
			);
			defaultConfigurationIsVisible = 0;
			defaultConfigurationName = Release;
		};
		4E27D3A921DE670A00C494D9 /* Build configuration list for PBXNativeTarget "ECommerce" */ = {
			isa = XCConfigurationList;
			buildConfigurations = (
				4E27D3AA21DE670A00C494D9 /* Debug */,
				4E27D3AB21DE670A00C494D9 /* Release */,
			);
			defaultConfigurationIsVisible = 0;
			defaultConfigurationName = Release;
		};
		4E27D3AC21DE670A00C494D9 /* Build configuration list for PBXNativeTarget "ECommerceTests" */ = {
			isa = XCConfigurationList;
			buildConfigurations = (
				4E27D3AD21DE670A00C494D9 /* Debug */,
				4E27D3AE21DE670A00C494D9 /* Release */,
			);
			defaultConfigurationIsVisible = 0;
			defaultConfigurationName = Release;
		};
		4E27D3AF21DE670A00C494D9 /* Build configuration list for PBXNativeTarget "ECommerceUITests" */ = {
			isa = XCConfigurationList;
			buildConfigurations = (
				4E27D3B021DE670A00C494D9 /* Debug */,
				4E27D3B121DE670A00C494D9 /* Release */,
			);
			defaultConfigurationIsVisible = 0;
			defaultConfigurationName = Release;
		};
/* End XCConfigurationList section */

/* Begin XCVersionGroup section */
		4E27D38821DE66E900C494D9 /* ECommerce.xcdatamodeld */ = {
			isa = XCVersionGroup;
			children = (
				4E27D38921DE66E900C494D9 /* ECommerce.xcdatamodel */,
			);
			currentVersion = 4E27D38921DE66E900C494D9 /* ECommerce.xcdatamodel */;
			path = ECommerce.xcdatamodeld;
			sourceTree = "<group>";
			versionGroupType = wrapper.xcdatamodel;
		};
/* End XCVersionGroup section */
	};
	rootObject = 4E27D37621DE66E600C494D9 /* Project object */;
}
